
Microsoft Visual Studio Solution File, Format Version 12.00
# Visual Studio Version 16
VisualStudioVersion = 16.0.29709.97
MinimumVisualStudioVersion = 10.0.40219.1
Project("{FAE04EC0-301F-11D3-BF4B-00C04F79EFBC}") = "ch05-optional-arguments", "ch05-optional-arguments\ch05-optional-arguments.csproj", "{9C033C8B-B449-4425-B563-64706E7B69BD}"
EndProject
Global
	GlobalSection(SolutionConfigurationPlatforms) = preSolution
		Debug|Any CPU = Debug|Any CPU
		Release|Any CPU = Release|Any CPU
	EndGlobalSection
	GlobalSection(ProjectConfigurationPlatforms) = postSolution
		{9C033C8B-B449-4425-B563-64706E7B69BD}.Debug|Any CPU.ActiveCfg = Debug|Any CPU
		{9C033C8B-B449-4425-B563-64706E7B69BD}.Debug|Any CPU.Build.0 = Debug|Any CPU
		{9C033C8B-B449-4425-B563-64706E7B69BD}.Release|Any CPU.ActiveCfg = Release|Any CPU
		{9C033C8B-B449-4425-B563-64706E7B69BD}.Release|Any CPU.Build.0 = Release|Any CPU
	EndGlobalSection
	GlobalSection(SolutionProperties) = preSolution
		HideSolutionNode = FALSE
	EndGlobalSection
	GlobalSection(ExtensibilityGlobals) = postSolution
		SolutionGuid = {926DBB1D-5CA3-48B0-8EA6-E3A00FDB8ACD}
	EndGlobalSection
EndGlobal
