
Microsoft Visual Studio Solution File, Format Version 12.00
# Visual Studio Version 16
VisualStudioVersion = 16.0.29709.97
MinimumVisualStudioVersion = 10.0.40219.1
Project("{FAE04EC0-301F-11D3-BF4B-00C04F79EFBC}") = "ch03_primitives", "ch03_primitives\ch03_primitives.csproj", "{9993BDD7-CAD2-45B5-A64E-1EAADACB2ABD}"
EndProject
Global
	GlobalSection(SolutionConfigurationPlatforms) = preSolution
		Debug|Any CPU = Debug|Any CPU
		Release|Any CPU = Release|Any CPU
	EndGlobalSection
	GlobalSection(ProjectConfigurationPlatforms) = postSolution
		{9993BDD7-CAD2-45B5-A64E-1EAADACB2ABD}.Debug|Any CPU.ActiveCfg = Debug|Any CPU
		{9993BDD7-CAD2-45B5-A64E-1EAADACB2ABD}.Debug|Any CPU.Build.0 = Debug|Any CPU
		{9993BDD7-CAD2-45B5-A64E-1EAADACB2ABD}.Release|Any CPU.ActiveCfg = Release|Any CPU
		{9993BDD7-CAD2-45B5-A64E-1EAADACB2ABD}.Release|Any CPU.Build.0 = Release|Any CPU
	EndGlobalSection
	GlobalSection(SolutionProperties) = preSolution
		HideSolutionNode = FALSE
	EndGlobalSection
	GlobalSection(ExtensibilityGlobals) = postSolution
		SolutionGuid = {0F08DACD-0D0C-4DF3-AD28-D8588C6FED5D}
	EndGlobalSection
EndGlobal
