
Microsoft Visual Studio Solution File, Format Version 12.00
# Visual Studio Version 16
VisualStudioVersion = 16.0.29709.97
MinimumVisualStudioVersion = 10.0.40219.1
Project("{FAE04EC0-301F-11D3-BF4B-00C04F79EFBC}") = "proj-05-01-dice-roller", "proj-05-01-dice-roller\proj-05-01-dice-roller.csproj", "{19086A4C-8913-4420-9265-3F18C187041D}"
EndProject
Global
	GlobalSection(SolutionConfigurationPlatforms) = preSolution
		Debug|Any CPU = Debug|Any CPU
		Release|Any CPU = Release|Any CPU
	EndGlobalSection
	GlobalSection(ProjectConfigurationPlatforms) = postSolution
		{19086A4C-8913-4420-9265-3F18C187041D}.Debug|Any CPU.ActiveCfg = Debug|Any CPU
		{19086A4C-8913-4420-9265-3F18C187041D}.Debug|Any CPU.Build.0 = Debug|Any CPU
		{19086A4C-8913-4420-9265-3F18C187041D}.Release|Any CPU.ActiveCfg = Release|Any CPU
		{19086A4C-8913-4420-9265-3F18C187041D}.Release|Any CPU.Build.0 = Release|Any CPU
	EndGlobalSection
	GlobalSection(SolutionProperties) = preSolution
		HideSolutionNode = FALSE
	EndGlobalSection
	GlobalSection(ExtensibilityGlobals) = postSolution
		SolutionGuid = {CBC772F0-9972-48F1-97EA-40EC94D80042}
	EndGlobalSection
EndGlobal
