
Microsoft Visual Studio Solution File, Format Version 12.00
# Visual Studio Version 16
VisualStudioVersion = 16.0.29709.97
MinimumVisualStudioVersion = 10.0.40219.1
Project("{FAE04EC0-301F-11D3-BF4B-00C04F79EFBC}") = "proj-04-01-table-of-powers", "proj-04-01-table-of-powers\proj-04-01-table-of-powers.csproj", "{9C71BA5C-4E17-4851-AE42-27DD6DE2FD08}"
EndProject
Global
	GlobalSection(SolutionConfigurationPlatforms) = preSolution
		Debug|Any CPU = Debug|Any CPU
		Release|Any CPU = Release|Any CPU
	EndGlobalSection
	GlobalSection(ProjectConfigurationPlatforms) = postSolution
		{9C71BA5C-4E17-4851-AE42-27DD6DE2FD08}.Debug|Any CPU.ActiveCfg = Debug|Any CPU
		{9C71BA5C-4E17-4851-AE42-27DD6DE2FD08}.Debug|Any CPU.Build.0 = Debug|Any CPU
		{9C71BA5C-4E17-4851-AE42-27DD6DE2FD08}.Release|Any CPU.ActiveCfg = Release|Any CPU
		{9C71BA5C-4E17-4851-AE42-27DD6DE2FD08}.Release|Any CPU.Build.0 = Release|Any CPU
	EndGlobalSection
	GlobalSection(SolutionProperties) = preSolution
		HideSolutionNode = FALSE
	EndGlobalSection
	GlobalSection(ExtensibilityGlobals) = postSolution
		SolutionGuid = {82634C96-DC91-4898-956F-08C2240DFC29}
	EndGlobalSection
EndGlobal
