
Microsoft Visual Studio Solution File, Format Version 12.00
# Visual Studio Version 16
VisualStudioVersion = 16.0.29709.97
MinimumVisualStudioVersion = 10.0.40219.1
Project("{FAE04EC0-301F-11D3-BF4B-00C04F79EFBC}") = "proj-02-02-Grade-Converter", "proj-02-02-Grade-Converter\proj-02-02-Grade-Converter.csproj", "{6DBF8C45-6FB8-4B15-B716-60B30F20615C}"
EndProject
Global
	GlobalSection(SolutionConfigurationPlatforms) = preSolution
		Debug|Any CPU = Debug|Any CPU
		Release|Any CPU = Release|Any CPU
	EndGlobalSection
	GlobalSection(ProjectConfigurationPlatforms) = postSolution
		{6DBF8C45-6FB8-4B15-B716-60B30F20615C}.Debug|Any CPU.ActiveCfg = Debug|Any CPU
		{6DBF8C45-6FB8-4B15-B716-60B30F20615C}.Debug|Any CPU.Build.0 = Debug|Any CPU
		{6DBF8C45-6FB8-4B15-B716-60B30F20615C}.Release|Any CPU.ActiveCfg = Release|Any CPU
		{6DBF8C45-6FB8-4B15-B716-60B30F20615C}.Release|Any CPU.Build.0 = Release|Any CPU
	EndGlobalSection
	GlobalSection(SolutionProperties) = preSolution
		HideSolutionNode = FALSE
	EndGlobalSection
	GlobalSection(ExtensibilityGlobals) = postSolution
		SolutionGuid = {BAF26D20-B305-48E1-92D2-0AC7B0D3E628}
	EndGlobalSection
EndGlobal
